
Microsoft Visual Studio Solution File, Format Version 12.00
# Visual Studio Version 16
VisualStudioVersion = 16.0.29418.71
MinimumVisualStudioVersion = 10.0.40219.1
Project("{FAE04EC0-301F-11D3-BF4B-00C04F79EFBC}") = "TCP.OutBoundConnection", "TCP.ConnectionTracer\TCP.OutBoundConnection.csproj", "{CE1CAA0F-D2CF-4B3E-89D7-B31FAB6D380D}"
EndProject
Project("{FAE04EC0-301F-11D3-BF4B-00C04F79EFBC}") = "TCP.OutBoundConnectionFinderConsole", "TCP.OutBoundConnectionFinderConsole\TCP.OutBoundConnectionFinderConsole.csproj", "{6D0D4E1C-6B8A-4DBD-80E6-F9F39DFDB592}"
EndProject
Global
	GlobalSection(SolutionConfigurationPlatforms) = preSolution
		Debug|Any CPU = Debug|Any CPU
		Release|Any CPU = Release|Any CPU
	EndGlobalSection
	GlobalSection(ProjectConfigurationPlatforms) = postSolution
		{CE1CAA0F-D2CF-4B3E-89D7-B31FAB6D380D}.Debug|Any CPU.ActiveCfg = Debug|Any CPU
		{CE1CAA0F-D2CF-4B3E-89D7-B31FAB6D380D}.Debug|Any CPU.Build.0 = Debug|Any CPU
		{CE1CAA0F-D2CF-4B3E-89D7-B31FAB6D380D}.Release|Any CPU.ActiveCfg = Release|Any CPU
		{CE1CAA0F-D2CF-4B3E-89D7-B31FAB6D380D}.Release|Any CPU.Build.0 = Release|Any CPU
		{6D0D4E1C-6B8A-4DBD-80E6-F9F39DFDB592}.Debug|Any CPU.ActiveCfg = Debug|Any CPU
		{6D0D4E1C-6B8A-4DBD-80E6-F9F39DFDB592}.Debug|Any CPU.Build.0 = Debug|Any CPU
		{6D0D4E1C-6B8A-4DBD-80E6-F9F39DFDB592}.Release|Any CPU.ActiveCfg = Release|Any CPU
		{6D0D4E1C-6B8A-4DBD-80E6-F9F39DFDB592}.Release|Any CPU.Build.0 = Release|Any CPU
	EndGlobalSection
	GlobalSection(SolutionProperties) = preSolution
		HideSolutionNode = FALSE
	EndGlobalSection
	GlobalSection(ExtensibilityGlobals) = postSolution
		SolutionGuid = {3093B279-05A6-4D5D-893D-98A4F293490F}
	EndGlobalSection
EndGlobal
